
Microsoft Visual Studio Solution File, Format Version 12.00
# Visual Studio 14
VisualStudioVersion = 14.0.25420.1
MinimumVisualStudioVersion = 10.0.40219.1
Project("{8BB2217D-0F2D-49D1-97BC-3654ED321F3B}") = "Abc.Core", "Abc.Core\Abc.Core.xproj", "{94446254-FAB6-454C-9672-2030BCC2789D}"
EndProject
Project("{8BB2217D-0F2D-49D1-97BC-3654ED321F3B}") = "Abc.NorthwindEntity", "Abc.NorthwindEntity\Abc.NorthwindEntity.xproj", "{8B6C8314-4EEA-438F-87FC-F280CDDE426E}"
EndProject
Global
	GlobalSection(SolutionConfigurationPlatforms) = preSolution
		Debug|Any CPU = Debug|Any CPU
		Release|Any CPU = Release|Any CPU
	EndGlobalSection
	GlobalSection(ProjectConfigurationPlatforms) = postSolution
		{94446254-FAB6-454C-9672-2030BCC2789D}.Debug|Any CPU.ActiveCfg = Debug|Any CPU
		{94446254-FAB6-454C-9672-2030BCC2789D}.Debug|Any CPU.Build.0 = Debug|Any CPU
		{94446254-FAB6-454C-9672-2030BCC2789D}.Release|Any CPU.ActiveCfg = Release|Any CPU
		{94446254-FAB6-454C-9672-2030BCC2789D}.Release|Any CPU.Build.0 = Release|Any CPU
		{8B6C8314-4EEA-438F-87FC-F280CDDE426E}.Debug|Any CPU.ActiveCfg = Debug|Any CPU
		{8B6C8314-4EEA-438F-87FC-F280CDDE426E}.Debug|Any CPU.Build.0 = Debug|Any CPU
		{8B6C8314-4EEA-438F-87FC-F280CDDE426E}.Release|Any CPU.ActiveCfg = Release|Any CPU
		{8B6C8314-4EEA-438F-87FC-F280CDDE426E}.Release|Any CPU.Build.0 = Release|Any CPU
	EndGlobalSection
	GlobalSection(SolutionProperties) = preSolution
		HideSolutionNode = FALSE
	EndGlobalSection
EndGlobal
