
Microsoft Visual Studio Solution File, Format Version 12.00
# Visual Studio 15
VisualStudioVersion = 15.0.28307.168
MinimumVisualStudioVersion = 10.0.40219.1
Project("{FAE04EC0-301F-11D3-BF4B-00C04F79EFBC}") = "Abc.Entities", "Abc.Entities\Abc.Entities.csproj", "{2A47F2BD-113B-4934-9029-544AD3903714}"
EndProject
Project("{FAE04EC0-301F-11D3-BF4B-00C04F79EFBC}") = "Abc.Business", "Abc.Business\Abc.Business.csproj", "{4E85B185-6614-4163-9BA4-B0F641E4FDA0}"
EndProject
Project("{FAE04EC0-301F-11D3-BF4B-00C04F79EFBC}") = "Abc.Core", "Abc.Northwind.Core\Abc.Core.csproj", "{FF3159C5-E835-473E-922B-DEF8726A5C7D}"
EndProject
Project("{FAE04EC0-301F-11D3-BF4B-00C04F79EFBC}") = "Abc.DataAccess", "Abc.DataAccess\Abc.DataAccess.csproj", "{C522603B-7A8E-416F-93DC-6476D6E6008E}"
EndProject
Project("{FAE04EC0-301F-11D3-BF4B-00C04F79EFBC}") = "Abc.UI", "Abc.UI\Abc.UI.csproj", "{52F984A8-FC73-44CA-8FE2-0FE8C3C5D63B}"
EndProject
Global
	GlobalSection(SolutionConfigurationPlatforms) = preSolution
		Debug|Any CPU = Debug|Any CPU
		Release|Any CPU = Release|Any CPU
	EndGlobalSection
	GlobalSection(ProjectConfigurationPlatforms) = postSolution
		{2A47F2BD-113B-4934-9029-544AD3903714}.Debug|Any CPU.ActiveCfg = Debug|Any CPU
		{2A47F2BD-113B-4934-9029-544AD3903714}.Debug|Any CPU.Build.0 = Debug|Any CPU
		{2A47F2BD-113B-4934-9029-544AD3903714}.Release|Any CPU.ActiveCfg = Release|Any CPU
		{2A47F2BD-113B-4934-9029-544AD3903714}.Release|Any CPU.Build.0 = Release|Any CPU
		{4E85B185-6614-4163-9BA4-B0F641E4FDA0}.Debug|Any CPU.ActiveCfg = Debug|Any CPU
		{4E85B185-6614-4163-9BA4-B0F641E4FDA0}.Debug|Any CPU.Build.0 = Debug|Any CPU
		{4E85B185-6614-4163-9BA4-B0F641E4FDA0}.Release|Any CPU.ActiveCfg = Release|Any CPU
		{4E85B185-6614-4163-9BA4-B0F641E4FDA0}.Release|Any CPU.Build.0 = Release|Any CPU
		{FF3159C5-E835-473E-922B-DEF8726A5C7D}.Debug|Any CPU.ActiveCfg = Debug|Any CPU
		{FF3159C5-E835-473E-922B-DEF8726A5C7D}.Debug|Any CPU.Build.0 = Debug|Any CPU
		{FF3159C5-E835-473E-922B-DEF8726A5C7D}.Release|Any CPU.ActiveCfg = Release|Any CPU
		{FF3159C5-E835-473E-922B-DEF8726A5C7D}.Release|Any CPU.Build.0 = Release|Any CPU
		{C522603B-7A8E-416F-93DC-6476D6E6008E}.Debug|Any CPU.ActiveCfg = Debug|Any CPU
		{C522603B-7A8E-416F-93DC-6476D6E6008E}.Debug|Any CPU.Build.0 = Debug|Any CPU
		{C522603B-7A8E-416F-93DC-6476D6E6008E}.Release|Any CPU.ActiveCfg = Release|Any CPU
		{C522603B-7A8E-416F-93DC-6476D6E6008E}.Release|Any CPU.Build.0 = Release|Any CPU
		{52F984A8-FC73-44CA-8FE2-0FE8C3C5D63B}.Debug|Any CPU.ActiveCfg = Debug|Any CPU
		{52F984A8-FC73-44CA-8FE2-0FE8C3C5D63B}.Debug|Any CPU.Build.0 = Debug|Any CPU
		{52F984A8-FC73-44CA-8FE2-0FE8C3C5D63B}.Release|Any CPU.ActiveCfg = Release|Any CPU
		{52F984A8-FC73-44CA-8FE2-0FE8C3C5D63B}.Release|Any CPU.Build.0 = Release|Any CPU
	EndGlobalSection
	GlobalSection(SolutionProperties) = preSolution
		HideSolutionNode = FALSE
	EndGlobalSection
	GlobalSection(ExtensibilityGlobals) = postSolution
		SolutionGuid = {DAE5DEFB-F183-4DD0-967B-7E148A0D3F90}
	EndGlobalSection
EndGlobal
